// !$*UTF8*$!
{
	archiveVersion = 1;
	classes = {
	};
	objectVersion = 77;
	objects = {

/* Begin PBXBuildFile section */
		C9C4C4DD2D63E7D4003FAB78 /* Recipe.xctestplan in Resources */ = {isa = PBXBuildFile; fileRef = C9C4C4DC2D63E7D4003FAB78 /* Recipe.xctestplan */; };
		C9C4C4E22D641AB8003FAB78 /* Readme.md in Sources */ = {isa = PBXBuildFile; fileRef = C9C4C4E12D641AB5003FAB78 /* Readme.md */; };
/* End PBXBuildFile section */

/* Begin PBXContainerItemProxy section */
		C91E09C12D5C0A060061D141 /* PBXContainerItemProxy */ = {
			isa = PBXContainerItemProxy;
			containerPortal = C91E09A82D5C0A000061D141 /* Project object */;
			proxyType = 1;
			remoteGlobalIDString = C91E09AF2D5C0A000061D141;
			remoteInfo = Recipe;
		};
		C91E09CB2D5C0A060061D141 /* PBXContainerItemProxy */ = {
			isa = PBXContainerItemProxy;
			containerPortal = C91E09A82D5C0A000061D141 /* Project object */;
			proxyType = 1;
			remoteGlobalIDString = C91E09AF2D5C0A000061D141;
			remoteInfo = Recipe;
		};
/* End PBXContainerItemProxy section */

/* Begin PBXFileReference section */
		C91E09B02D5C0A000061D141 /* Recipe.app */ = {isa = PBXFileReference; explicitFileType = wrapper.application; includeInIndex = 0; path = Recipe.app; sourceTree = BUILT_PRODUCTS_DIR; };
		C91E09C02D5C0A060061D141 /* RecipeTests.xctest */ = {isa = PBXFileReference; explicitFileType = wrapper.cfbundle; includeInIndex = 0; path = RecipeTests.xctest; sourceTree = BUILT_PRODUCTS_DIR; };
		C91E09CA2D5C0A060061D141 /* RecipeUITests.xctest */ = {isa = PBXFileReference; explicitFileType = wrapper.cfbundle; includeInIndex = 0; path = RecipeUITests.xctest; sourceTree = BUILT_PRODUCTS_DIR; };
		C9C4C4DC2D63E7D4003FAB78 /* Recipe.xctestplan */ = {isa = PBXFileReference; lastKnownFileType = text; path = Recipe.xctestplan; sourceTree = "<group>"; };
		C9C4C4E12D641AB5003FAB78 /* Readme.md */ = {isa = PBXFileReference; lastKnownFileType = net.daringfireball.markdown; path = Readme.md; sourceTree = "<group>"; };
/* End PBXFileReference section */

/* Begin PBXFileSystemSynchronizedRootGroup section */
		C91E09B22D5C0A000061D141 /* Recipe */ = {
			isa = PBXFileSystemSynchronizedRootGroup;
			path = Recipe;
			sourceTree = "<group>";
		};
		C91E09C32D5C0A060061D141 /* RecipeTests */ = {
			isa = PBXFileSystemSynchronizedRootGroup;
			path = RecipeTests;
			sourceTree = "<group>";
		};
		C91E09CD2D5C0A060061D141 /* RecipeUITests */ = {
			isa = PBXFileSystemSynchronizedRootGroup;
			path = RecipeUITests;
			sourceTree = "<group>";
		};
/* End PBXFileSystemSynchronizedRootGroup section */

/* Begin PBXFrameworksBuildPhase section */
		C91E09AD2D5C0A000061D141 /* Frameworks */ = {
			isa = PBXFrameworksBuildPhase;
			buildActionMask = 2147483647;
			files = (
			);
			runOnlyForDeploymentPostprocessing = 0;
		};
		C91E09BD2D5C0A060061D141 /* Frameworks */ = {
			isa = PBXFrameworksBuildPhase;
			buildActionMask = 2147483647;
			files = (
			);
			runOnlyForDeploymentPostprocessing = 0;
		};
		C91E09C72D5C0A060061D141 /* Frameworks */ = {
			isa = PBXFrameworksBuildPhase;
			buildActionMask = 2147483647;
			files = (
			);
			runOnlyForDeploymentPostprocessing = 0;
		};
/* End PBXFrameworksBuildPhase section */

/* Begin PBXGroup section */
		C91E09A72D5C0A000061D141 = {
			isa = PBXGroup;
			children = (
				C9C4C4E12D641AB5003FAB78 /* Readme.md */,
				C9C4C4DC2D63E7D4003FAB78 /* Recipe.xctestplan */,
				C91E09B22D5C0A000061D141 /* Recipe */,
				C91E09C32D5C0A060061D141 /* RecipeTests */,
				C91E09CD2D5C0A060061D141 /* RecipeUITests */,
				C91E09B12D5C0A000061D141 /* Products */,
			);
			sourceTree = "<group>";
		};
		C91E09B12D5C0A000061D141 /* Products */ = {
			isa = PBXGroup;
			children = (
				C91E09B02D5C0A000061D141 /* Recipe.app */,
				C91E09C02D5C0A060061D141 /* RecipeTests.xctest */,
				C91E09CA2D5C0A060061D141 /* RecipeUITests.xctest */,
			);
			name = Products;
			sourceTree = "<group>";
		};
/* End PBXGroup section */

/* Begin PBXNativeTarget section */
		C91E09AF2D5C0A000061D141 /* Recipe */ = {
			isa = PBXNativeTarget;
			buildConfigurationList = C91E09D42D5C0A070061D141 /* Build configuration list for PBXNativeTarget "Recipe" */;
			buildPhases = (
				C91E09AC2D5C0A000061D141 /* Sources */,
				C91E09AD2D5C0A000061D141 /* Frameworks */,
				C91E09AE2D5C0A000061D141 /* Resources */,
			);
			buildRules = (
			);
			dependencies = (
			);
			fileSystemSynchronizedGroups = (
				C91E09B22D5C0A000061D141 /* Recipe */,
			);
			name = Recipe;
			packageProductDependencies = (
			);
			productName = Recipe;
			productReference = C91E09B02D5C0A000061D141 /* Recipe.app */;
			productType = "com.apple.product-type.application";
		};
		C91E09BF2D5C0A060061D141 /* RecipeTests */ = {
			isa = PBXNativeTarget;
			buildConfigurationList = C91E09D72D5C0A070061D141 /* Build configuration list for PBXNativeTarget "RecipeTests" */;
			buildPhases = (
				C91E09BC2D5C0A060061D141 /* Sources */,
				C91E09BD2D5C0A060061D141 /* Frameworks */,
				C91E09BE2D5C0A060061D141 /* Resources */,
			);
			buildRules = (
			);
			dependencies = (
				C91E09C22D5C0A060061D141 /* PBXTargetDependency */,
			);
			fileSystemSynchronizedGroups = (
				C91E09C32D5C0A060061D141 /* RecipeTests */,
			);
			name = RecipeTests;
			packageProductDependencies = (
			);
			productName = RecipeTests;
			productReference = C91E09C02D5C0A060061D141 /* RecipeTests.xctest */;
			productType = "com.apple.product-type.bundle.unit-test";
		};
		C91E09C92D5C0A060061D141 /* RecipeUITests */ = {
			isa = PBXNativeTarget;
			buildConfigurationList = C91E09DA2D5C0A070061D141 /* Build configuration list for PBXNativeTarget "RecipeUITests" */;
			buildPhases = (
				C91E09C62D5C0A060061D141 /* Sources */,
				C91E09C72D5C0A060061D141 /* Frameworks */,
				C91E09C82D5C0A060061D141 /* Resources */,
			);
			buildRules = (
			);
			dependencies = (
				C91E09CC2D5C0A060061D141 /* PBXTargetDependency */,
			);
			fileSystemSynchronizedGroups = (
				C91E09CD2D5C0A060061D141 /* RecipeUITests */,
			);
			name = RecipeUITests;
			packageProductDependencies = (
			);
			productName = RecipeUITests;
			productReference = C91E09CA2D5C0A060061D141 /* RecipeUITests.xctest */;
			productType = "com.apple.product-type.bundle.ui-testing";
		};
/* End PBXNativeTarget section */

/* Begin PBXProject section */
		C91E09A82D5C0A000061D141 /* Project object */ = {
			isa = PBXProject;
			attributes = {
				BuildIndependentTargetsInParallel = 1;
				LastSwiftUpdateCheck = 1600;
				LastUpgradeCheck = 1600;
				TargetAttributes = {
					C91E09AF2D5C0A000061D141 = {
						CreatedOnToolsVersion = 16.0;
					};
					C91E09BF2D5C0A060061D141 = {
						CreatedOnToolsVersion = 16.0;
						TestTargetID = C91E09AF2D5C0A000061D141;
					};
					C91E09C92D5C0A060061D141 = {
						CreatedOnToolsVersion = 16.0;
						TestTargetID = C91E09AF2D5C0A000061D141;
					};
				};
			};
			buildConfigurationList = C91E09AB2D5C0A000061D141 /* Build configuration list for PBXProject "Recipe" */;
			developmentRegion = en;
			hasScannedForEncodings = 0;
			knownRegions = (
				en,
				Base,
			);
			mainGroup = C91E09A72D5C0A000061D141;
			minimizedProjectReferenceProxies = 1;
			preferredProjectObjectVersion = 77;
			productRefGroup = C91E09B12D5C0A000061D141 /* Products */;
			projectDirPath = "";
			projectRoot = "";
			targets = (
				C91E09AF2D5C0A000061D141 /* Recipe */,
				C91E09BF2D5C0A060061D141 /* RecipeTests */,
				C91E09C92D5C0A060061D141 /* RecipeUITests */,
			);
		};
/* End PBXProject section */

/* Begin PBXResourcesBuildPhase section */
		C91E09AE2D5C0A000061D141 /* Resources */ = {
			isa = PBXResourcesBuildPhase;
			buildActionMask = 2147483647;
			files = (
				C9C4C4DD2D63E7D4003FAB78 /* Recipe.xctestplan in Resources */,
			);
			runOnlyForDeploymentPostprocessing = 0;
		};
		C91E09BE2D5C0A060061D141 /* Resources */ = {
			isa = PBXResourcesBuildPhase;
			buildActionMask = 2147483647;
			files = (
			);
			runOnlyForDeploymentPostprocessing = 0;
		};
		C91E09C82D5C0A060061D141 /* Resources */ = {
			isa = PBXResourcesBuildPhase;
			buildActionMask = 2147483647;
			files = (
			);
			runOnlyForDeploymentPostprocessing = 0;
		};
/* End PBXResourcesBuildPhase section */

/* Begin PBXSourcesBuildPhase section */
		C91E09AC2D5C0A000061D141 /* Sources */ = {
			isa = PBXSourcesBuildPhase;
			buildActionMask = 2147483647;
			files = (
				C9C4C4E22D641AB8003FAB78 /* Readme.md in Sources */,
			);
			runOnlyForDeploymentPostprocessing = 0;
		};
		C91E09BC2D5C0A060061D141 /* Sources */ = {
			isa = PBXSourcesBuildPhase;
			buildActionMask = 2147483647;
			files = (
			);
			runOnlyForDeploymentPostprocessing = 0;
		};
		C91E09C62D5C0A060061D141 /* Sources */ = {
			isa = PBXSourcesBuildPhase;
			buildActionMask = 2147483647;
			files = (
			);
			runOnlyForDeploymentPostprocessing = 0;
		};
/* End PBXSourcesBuildPhase section */

/* Begin PBXTargetDependency section */
		C91E09C22D5C0A060061D141 /* PBXTargetDependency */ = {
			isa = PBXTargetDependency;
			target = C91E09AF2D5C0A000061D141 /* Recipe */;
			targetProxy = C91E09C12D5C0A060061D141 /* PBXContainerItemProxy */;
		};
		C91E09CC2D5C0A060061D141 /* PBXTargetDependency */ = {
			isa = PBXTargetDependency;
			target = C91E09AF2D5C0A000061D141 /* Recipe */;
			targetProxy = C91E09CB2D5C0A060061D141 /* PBXContainerItemProxy */;
		};
/* End PBXTargetDependency section */

/* Begin XCBuildConfiguration section */
		C91E09D22D5C0A070061D141 /* Debug */ = {
			isa = XCBuildConfiguration;
			buildSettings = {
				ALWAYS_SEARCH_USER_PATHS = NO;
				ASSETCATALOG_COMPILER_GENERATE_SWIFT_ASSET_SYMBOL_EXTENSIONS = YES;
				CLANG_ANALYZER_NONNULL = YES;
				CLANG_ANALYZER_NUMBER_OBJECT_CONVERSION = YES_AGGRESSIVE;
				CLANG_CXX_LANGUAGE_STANDARD = "gnu++20";
				CLANG_ENABLE_MODULES = YES;
				CLANG_ENABLE_OBJC_ARC = YES;
				CLANG_ENABLE_OBJC_WEAK = YES;
				CLANG_WARN_BLOCK_CAPTURE_AUTORELEASING = YES;
				CLANG_WARN_BOOL_CONVERSION = YES;
				CLANG_WARN_COMMA = YES;
				CLANG_WARN_CONSTANT_CONVERSION = YES;
				CLANG_WARN_DEPRECATED_OBJC_IMPLEMENTATIONS = YES;
				CLANG_WARN_DIRECT_OBJC_ISA_USAGE = YES_ERROR;
				CLANG_WARN_DOCUMENTATION_COMMENTS = YES;
				CLANG_WARN_EMPTY_BODY = YES;
				CLANG_WARN_ENUM_CONVERSION = YES;
				CLANG_WARN_INFINITE_RECURSION = YES;
				CLANG_WARN_INT_CONVERSION = YES;
				CLANG_WARN_NON_LITERAL_NULL_CONVERSION = YES;
				CLANG_WARN_OBJC_IMPLICIT_RETAIN_SELF = YES;
				CLANG_WARN_OBJC_LITERAL_CONVERSION = YES;
				CLANG_WARN_OBJC_ROOT_CLASS = YES_ERROR;
				CLANG_WARN_QUOTED_INCLUDE_IN_FRAMEWORK_HEADER = YES;
				CLANG_WARN_RANGE_LOOP_ANALYSIS = YES;
				CLANG_WARN_STRICT_PROTOTYPES = YES;
				CLANG_WARN_SUSPICIOUS_MOVE = YES;
				CLANG_WARN_UNGUARDED_AVAILABILITY = YES_AGGRESSIVE;
				CLANG_WARN_UNREACHABLE_CODE = YES;
				CLANG_WARN__DUPLICATE_METHOD_MATCH = YES;
				COPY_PHASE_STRIP = NO;
				DEBUG_INFORMATION_FORMAT = dwarf;
				ENABLE_STRICT_OBJC_MSGSEND = YES;
				ENABLE_TESTABILITY = YES;
				ENABLE_USER_SCRIPT_SANDBOXING = YES;
				GCC_C_LANGUAGE_STANDARD = gnu17;
				GCC_DYNAMIC_NO_PIC = NO;
				GCC_NO_COMMON_BLOCKS = YES;
				GCC_OPTIMIZATION_LEVEL = 0;
				GCC_PREPROCESSOR_DEFINITIONS = (
					"DEBUG=1",
					"$(inherited)",
				);
				GCC_WARN_64_TO_32_BIT_CONVERSION = YES;
				GCC_WARN_ABOUT_RETURN_TYPE = YES_ERROR;
				GCC_WARN_UNDECLARED_SELECTOR = YES;
				GCC_WARN_UNINITIALIZED_AUTOS = YES_AGGRESSIVE;
				GCC_WARN_UNUSED_FUNCTION = YES;
				GCC_WARN_UNUSED_VARIABLE = YES;
				IPHONEOS_DEPLOYMENT_TARGET = 18.0;
				LOCALIZATION_PREFERS_STRING_CATALOGS = YES;
				MTL_ENABLE_DEBUG_INFO = INCLUDE_SOURCE;
				MTL_FAST_MATH = YES;
				ONLY_ACTIVE_ARCH = YES;
				SDKROOT = iphoneos;
				SWIFT_ACTIVE_COMPILATION_CONDITIONS = "DEBUG $(inherited)";
				SWIFT_OPTIMIZATION_LEVEL = "-Onone";
			};
			name = Debug;
		};
		C91E09D32D5C0A070061D141 /* Release */ = {
			isa = XCBuildConfiguration;
			buildSettings = {
				ALWAYS_SEARCH_USER_PATHS = NO;
				ASSETCATALOG_COMPILER_GENERATE_SWIFT_ASSET_SYMBOL_EXTENSIONS = YES;
				CLANG_ANALYZER_NONNULL = YES;
				CLANG_ANALYZER_NUMBER_OBJECT_CONVERSION = YES_AGGRESSIVE;
				CLANG_CXX_LANGUAGE_STANDARD = "gnu++20";
				CLANG_ENABLE_MODULES = YES;
				CLANG_ENABLE_OBJC_ARC = YES;
				CLANG_ENABLE_OBJC_WEAK = YES;
				CLANG_WARN_BLOCK_CAPTURE_AUTORELEASING = YES;
				CLANG_WARN_BOOL_CONVERSION = YES;
				CLANG_WARN_COMMA = YES;
				CLANG_WARN_CONSTANT_CONVERSION = YES;
				CLANG_WARN_DEPRECATED_OBJC_IMPLEMENTATIONS = YES;
				CLANG_WARN_DIRECT_OBJC_ISA_USAGE = YES_ERROR;
				CLANG_WARN_DOCUMENTATION_COMMENTS = YES;
				CLANG_WARN_EMPTY_BODY = YES;
				CLANG_WARN_ENUM_CONVERSION = YES;
				CLANG_WARN_INFINITE_RECURSION = YES;
				CLANG_WARN_INT_CONVERSION = YES;
				CLANG_WARN_NON_LITERAL_NULL_CONVERSION = YES;
				CLANG_WARN_OBJC_IMPLICIT_RETAIN_SELF = YES;
				CLANG_WARN_OBJC_LITERAL_CONVERSION = YES;
				CLANG_WARN_OBJC_ROOT_CLASS = YES_ERROR;
				CLANG_WARN_QUOTED_INCLUDE_IN_FRAMEWORK_HEADER = YES;
				CLANG_WARN_RANGE_LOOP_ANALYSIS = YES;
				CLANG_WARN_STRICT_PROTOTYPES = YES;
				CLANG_WARN_SUSPICIOUS_MOVE = YES;
				CLANG_WARN_UNGUARDED_AVAILABILITY = YES_AGGRESSIVE;
				CLANG_WARN_UNREACHABLE_CODE = YES;
				CLANG_WARN__DUPLICATE_METHOD_MATCH = YES;
				COPY_PHASE_STRIP = NO;
				DEBUG_INFORMATION_FORMAT = "dwarf-with-dsym";
				ENABLE_NS_ASSERTIONS = NO;
				ENABLE_STRICT_OBJC_MSGSEND = YES;
				ENABLE_USER_SCRIPT_SANDBOXING = YES;
				GCC_C_LANGUAGE_STANDARD = gnu17;
				GCC_NO_COMMON_BLOCKS = YES;
				GCC_WARN_64_TO_32_BIT_CONVERSION = YES;
				GCC_WARN_ABOUT_RETURN_TYPE = YES_ERROR;
				GCC_WARN_UNDECLARED_SELECTOR = YES;
				GCC_WARN_UNINITIALIZED_AUTOS = YES_AGGRESSIVE;
				GCC_WARN_UNUSED_FUNCTION = YES;
				GCC_WARN_UNUSED_VARIABLE = YES;
				IPHONEOS_DEPLOYMENT_TARGET = 18.0;
				LOCALIZATION_PREFERS_STRING_CATALOGS = YES;
				MTL_ENABLE_DEBUG_INFO = NO;
				MTL_FAST_MATH = YES;
				SDKROOT = iphoneos;
				SWIFT_COMPILATION_MODE = wholemodule;
				VALIDATE_PRODUCT = YES;
			};
			name = Release;
		};
		C91E09D52D5C0A070061D141 /* Debug */ = {
			isa = XCBuildConfiguration;
			buildSettings = {
				ASSETCATALOG_COMPILER_APPICON_NAME = AppIcon;
				ASSETCATALOG_COMPILER_GLOBAL_ACCENT_COLOR_NAME = AccentColor;
				CODE_SIGN_STYLE = Automatic;
				CURRENT_PROJECT_VERSION = 1;
				DEVELOPMENT_ASSET_PATHS = "\"Recipe/Preview Content\"";
				DEVELOPMENT_TEAM = RGCT65V6JJ;
				ENABLE_PREVIEWS = YES;
				GENERATE_INFOPLIST_FILE = YES;
				INFOPLIST_KEY_UIApplicationSceneManifest_Generation = YES;
				INFOPLIST_KEY_UIApplicationSupportsIndirectInputEvents = YES;
				INFOPLIST_KEY_UILaunchScreen_Generation = YES;
				INFOPLIST_KEY_UISupportedInterfaceOrientations_iPad = "UIInterfaceOrientationPortrait UIInterfaceOrientationPortraitUpsideDown UIInterfaceOrientationLandscapeLeft UIInterfaceOrientationLandscapeRight";
				INFOPLIST_KEY_UISupportedInterfaceOrientations_iPhone = "UIInterfaceOrientationPortrait UIInterfaceOrientationLandscapeLeft UIInterfaceOrientationLandscapeRight";
				LD_RUNPATH_SEARCH_PATHS = (
					"$(inherited)",
					"@executable_path/Frameworks",
				);
				MARKETING_VERSION = 1.0;
				PRODUCT_BUNDLE_IDENTIFIER = "Emma-Babayan.Recipe";
				PRODUCT_NAME = "$(TARGET_NAME)";
				SWIFT_EMIT_LOC_STRINGS = YES;
				SWIFT_VERSION = 5.0;
				TARGETED_DEVICE_FAMILY = "1,2";
			};
			name = Debug;
		};
		C91E09D62D5C0A070061D141 /* Release */ = {
			isa = XCBuildConfiguration;
			buildSettings = {
				ASSETCATALOG_COMPILER_APPICON_NAME = AppIcon;
				ASSETCATALOG_COMPILER_GLOBAL_ACCENT_COLOR_NAME = AccentColor;
				CODE_SIGN_STYLE = Automatic;
				CURRENT_PROJECT_VERSION = 1;
				DEVELOPMENT_ASSET_PATHS = "\"Recipe/Preview Content\"";
				DEVELOPMENT_TEAM = RGCT65V6JJ;
				ENABLE_PREVIEWS = YES;
				GENERATE_INFOPLIST_FILE = YES;
				INFOPLIST_KEY_UIApplicationSceneManifest_Generation = YES;
				INFOPLIST_KEY_UIApplicationSupportsIndirectInputEvents = YES;
				INFOPLIST_KEY_UILaunchScreen_Generation = YES;
				INFOPLIST_KEY_UISupportedInterfaceOrientations_iPad = "UIInterfaceOrientationPortrait UIInterfaceOrientationPortraitUpsideDown UIInterfaceOrientationLandscapeLeft UIInterfaceOrientationLandscapeRight";
				INFOPLIST_KEY_UISupportedInterfaceOrientations_iPhone = "UIInterfaceOrientationPortrait UIInterfaceOrientationLandscapeLeft UIInterfaceOrientationLandscapeRight";
				LD_RUNPATH_SEARCH_PATHS = (
					"$(inherited)",
					"@executable_path/Frameworks",
				);
				MARKETING_VERSION = 1.0;
				PRODUCT_BUNDLE_IDENTIFIER = "Emma-Babayan.Recipe";
				PRODUCT_NAME = "$(TARGET_NAME)";
				SWIFT_EMIT_LOC_STRINGS = YES;
				SWIFT_VERSION = 5.0;
				TARGETED_DEVICE_FAMILY = "1,2";
			};
			name = Release;
		};
		C91E09D82D5C0A070061D141 /* Debug */ = {
			isa = XCBuildConfiguration;
			buildSettings = {
				BUNDLE_LOADER = "$(TEST_HOST)";
				CODE_SIGN_STYLE = Automatic;
				CURRENT_PROJECT_VERSION = 1;
				DEVELOPMENT_TEAM = RGCT65V6JJ;
				GENERATE_INFOPLIST_FILE = YES;
				IPHONEOS_DEPLOYMENT_TARGET = 18.0;
				MARKETING_VERSION = 1.0;
				PRODUCT_BUNDLE_IDENTIFIER = "Emma-Babayan.RecipeTests";
				PRODUCT_NAME = "$(TARGET_NAME)";
				SWIFT_EMIT_LOC_STRINGS = NO;
				SWIFT_VERSION = 5.0;
				TARGETED_DEVICE_FAMILY = "1,2";
				TEST_HOST = "$(BUILT_PRODUCTS_DIR)/Recipe.app/$(BUNDLE_EXECUTABLE_FOLDER_PATH)/Recipe";
			};
			name = Debug;
		};
		C91E09D92D5C0A070061D141 /* Release */ = {
			isa = XCBuildConfiguration;
			buildSettings = {
				BUNDLE_LOADER = "$(TEST_HOST)";
				CODE_SIGN_STYLE = Automatic;
				CURRENT_PROJECT_VERSION = 1;
				DEVELOPMENT_TEAM = RGCT65V6JJ;
				GENERATE_INFOPLIST_FILE = YES;
				IPHONEOS_DEPLOYMENT_TARGET = 18.0;
				MARKETING_VERSION = 1.0;
				PRODUCT_BUNDLE_IDENTIFIER = "Emma-Babayan.RecipeTests";
				PRODUCT_NAME = "$(TARGET_NAME)";
				SWIFT_EMIT_LOC_STRINGS = NO;
				SWIFT_VERSION = 5.0;
				TARGETED_DEVICE_FAMILY = "1,2";
				TEST_HOST = "$(BUILT_PRODUCTS_DIR)/Recipe.app/$(BUNDLE_EXECUTABLE_FOLDER_PATH)/Recipe";
			};
			name = Release;
		};
		C91E09DB2D5C0A070061D141 /* Debug */ = {
			isa = XCBuildConfiguration;
			buildSettings = {
				CODE_SIGN_STYLE = Automatic;
				CURRENT_PROJECT_VERSION = 1;
				DEVELOPMENT_TEAM = RGCT65V6JJ;
				GENERATE_INFOPLIST_FILE = YES;
				MARKETING_VERSION = 1.0;
				PRODUCT_BUNDLE_IDENTIFIER = "Emma-Babayan.RecipeUITests";
				PRODUCT_NAME = "$(TARGET_NAME)";
				SWIFT_EMIT_LOC_STRINGS = NO;
				SWIFT_VERSION = 5.0;
				TARGETED_DEVICE_FAMILY = "1,2";
				TEST_TARGET_NAME = Recipe;
			};
			name = Debug;
		};
		C91E09DC2D5C0A070061D141 /* Release */ = {
			isa = XCBuildConfiguration;
			buildSettings = {
				CODE_SIGN_STYLE = Automatic;
				CURRENT_PROJECT_VERSION = 1;
				DEVELOPMENT_TEAM = RGCT65V6JJ;
				GENERATE_INFOPLIST_FILE = YES;
				MARKETING_VERSION = 1.0;
				PRODUCT_BUNDLE_IDENTIFIER = "Emma-Babayan.RecipeUITests";
				PRODUCT_NAME = "$(TARGET_NAME)";
				SWIFT_EMIT_LOC_STRINGS = NO;
				SWIFT_VERSION = 5.0;
				TARGETED_DEVICE_FAMILY = "1,2";
				TEST_TARGET_NAME = Recipe;
			};
			name = Release;
		};
/* End XCBuildConfiguration section */

/* Begin XCConfigurationList section */
		C91E09AB2D5C0A000061D141 /* Build configuration list for PBXProject "Recipe" */ = {
			isa = XCConfigurationList;
			buildConfigurations = (
				C91E09D22D5C0A070061D141 /* Debug */,
				C91E09D32D5C0A070061D141 /* Release */,
			);
			defaultConfigurationIsVisible = 0;
			defaultConfigurationName = Release;
		};
		C91E09D42D5C0A070061D141 /* Build configuration list for PBXNativeTarget "Recipe" */ = {
			isa = XCConfigurationList;
			buildConfigurations = (
				C91E09D52D5C0A070061D141 /* Debug */,
				C91E09D62D5C0A070061D141 /* Release */,
			);
			defaultConfigurationIsVisible = 0;
			defaultConfigurationName = Release;
		};
		C91E09D72D5C0A070061D141 /* Build configuration list for PBXNativeTarget "RecipeTests" */ = {
			isa = XCConfigurationList;
			buildConfigurations = (
				C91E09D82D5C0A070061D141 /* Debug */,
				C91E09D92D5C0A070061D141 /* Release */,
			);
			defaultConfigurationIsVisible = 0;
			defaultConfigurationName = Release;
		};
		C91E09DA2D5C0A070061D141 /* Build configuration list for PBXNativeTarget "RecipeUITests" */ = {
			isa = XCConfigurationList;
			buildConfigurations = (
				C91E09DB2D5C0A070061D141 /* Debug */,
				C91E09DC2D5C0A070061D141 /* Release */,
			);
			defaultConfigurationIsVisible = 0;
			defaultConfigurationName = Release;
		};
/* End XCConfigurationList section */
	};
	rootObject = C91E09A82D5C0A000061D141 /* Project object */;
}
